
Microsoft Visual Studio Solution File, Format Version 12.00
# Visual Studio 15
VisualStudioVersion = 15.0.27703.2018
MinimumVisualStudioVersion = 10.0.40219.1
Project("{9A19103F-16F7-4668-BE54-9A1E7A4F7556}") = "Torrentinator", "Torrentinator\Torrentinator.csproj", "{F574A82D-708B-4024-A9A7-4E409027749D}"
EndProject
Project("{9A19103F-16F7-4668-BE54-9A1E7A4F7556}") = "Torrentinator.Library", "Torrentinator.Library\Torrentinator.Library.csproj", "{B20C2D99-6562-4164-85AF-CF3376E96EC0}"
EndProject
Project("{9A19103F-16F7-4668-BE54-9A1E7A4F7556}") = "Torrentinator.Service", "Torrentinator.Service\Torrentinator.Service.csproj", "{8D114C8C-ABEA-4C37-AC5B-3984E54E0226}"
EndProject
Project("{FAE04EC0-301F-11D3-BF4B-00C04F79EFBC}") = "Torrentinator.Library.Tests", "Torrentinator.Library.Tests\Torrentinator.Library.Tests.csproj", "{0A842B76-110B-4264-B34D-08F5A7F167F8}"
EndProject
Global
	GlobalSection(SolutionConfigurationPlatforms) = preSolution
		Debug|Any CPU = Debug|Any CPU
		Release|Any CPU = Release|Any CPU
	EndGlobalSection
	GlobalSection(ProjectConfigurationPlatforms) = postSolution
		{F574A82D-708B-4024-A9A7-4E409027749D}.Debug|Any CPU.ActiveCfg = Debug|Any CPU
		{F574A82D-708B-4024-A9A7-4E409027749D}.Debug|Any CPU.Build.0 = Debug|Any CPU
		{F574A82D-708B-4024-A9A7-4E409027749D}.Release|Any CPU.ActiveCfg = Release|Any CPU
		{F574A82D-708B-4024-A9A7-4E409027749D}.Release|Any CPU.Build.0 = Release|Any CPU
		{B20C2D99-6562-4164-85AF-CF3376E96EC0}.Debug|Any CPU.ActiveCfg = Debug|Any CPU
		{B20C2D99-6562-4164-85AF-CF3376E96EC0}.Debug|Any CPU.Build.0 = Debug|Any CPU
		{B20C2D99-6562-4164-85AF-CF3376E96EC0}.Release|Any CPU.ActiveCfg = Release|Any CPU
		{B20C2D99-6562-4164-85AF-CF3376E96EC0}.Release|Any CPU.Build.0 = Release|Any CPU
		{8D114C8C-ABEA-4C37-AC5B-3984E54E0226}.Debug|Any CPU.ActiveCfg = Debug|Any CPU
		{8D114C8C-ABEA-4C37-AC5B-3984E54E0226}.Release|Any CPU.ActiveCfg = Release|Any CPU
		{8D114C8C-ABEA-4C37-AC5B-3984E54E0226}.Release|Any CPU.Build.0 = Release|Any CPU
		{0A842B76-110B-4264-B34D-08F5A7F167F8}.Debug|Any CPU.ActiveCfg = Debug|Any CPU
		{0A842B76-110B-4264-B34D-08F5A7F167F8}.Debug|Any CPU.Build.0 = Debug|Any CPU
		{0A842B76-110B-4264-B34D-08F5A7F167F8}.Release|Any CPU.ActiveCfg = Release|Any CPU
		{0A842B76-110B-4264-B34D-08F5A7F167F8}.Release|Any CPU.Build.0 = Release|Any CPU
	EndGlobalSection
	GlobalSection(SolutionProperties) = preSolution
		HideSolutionNode = FALSE
	EndGlobalSection
	GlobalSection(ExtensibilityGlobals) = postSolution
		SolutionGuid = {B1BA40E9-9E5E-4E30-8C82-DE27EB885BB9}
	EndGlobalSection
EndGlobal
